
Microsoft Visual Studio Solution File, Format Version 12.00
# Visual Studio Version 16
VisualStudioVersion = 16.0.32802.440
MinimumVisualStudioVersion = 10.0.40219.1
Project("{8BC9CEB8-8B4A-11D0-8D11-00A0C91BC942}") = "Example5.4", "Example5.4.vcxproj", "{0582C490-82E8-4300-B43D-7EDD14AF6A71}"
EndProject
Global
	GlobalSection(SolutionConfigurationPlatforms) = preSolution
		Debug|x64 = Debug|x64
		Debug|x86 = Debug|x86
		Release|x64 = Release|x64
		Release|x86 = Release|x86
	EndGlobalSection
	GlobalSection(ProjectConfigurationPlatforms) = postSolution
		{0582C490-82E8-4300-B43D-7EDD14AF6A71}.Debug|x64.ActiveCfg = Debug|x64
		{0582C490-82E8-4300-B43D-7EDD14AF6A71}.Debug|x64.Build.0 = Debug|x64
		{0582C490-82E8-4300-B43D-7EDD14AF6A71}.Debug|x86.ActiveCfg = Debug|Win32
		{0582C490-82E8-4300-B43D-7EDD14AF6A71}.Debug|x86.Build.0 = Debug|Win32
		{0582C490-82E8-4300-B43D-7EDD14AF6A71}.Release|x64.ActiveCfg = Release|x64
		{0582C490-82E8-4300-B43D-7EDD14AF6A71}.Release|x64.Build.0 = Release|x64
		{0582C490-82E8-4300-B43D-7EDD14AF6A71}.Release|x86.ActiveCfg = Release|Win32
		{0582C490-82E8-4300-B43D-7EDD14AF6A71}.Release|x86.Build.0 = Release|Win32
	EndGlobalSection
	GlobalSection(SolutionProperties) = preSolution
		HideSolutionNode = FALSE
	EndGlobalSection
	GlobalSection(ExtensibilityGlobals) = postSolution
		SolutionGuid = {37F819C4-C861-499B-A5A3-2D9A95F18F08}
	EndGlobalSection
EndGlobal
